
Microsoft Visual Studio Solution File, Format Version 12.00
# Visual Studio Version 16
VisualStudioVersion = 16.0.30717.126
MinimumVisualStudioVersion = 10.0.40219.1
Project("{FAE04EC0-301F-11D3-BF4B-00C04F79EFBC}") = "Entities", "Sources\A000_Platform___\Entities.csproj", "{147B11E0-827B-4D3F-844C-ADF2BEAFA53F}"
EndProject
Project("{FAE04EC0-301F-11D3-BF4B-00C04F79EFBC}") = "UiOfKyokuPngLog", "Sources\A150_LogKyokuPng\UiOfKyokuPngLog.csproj", "{6F26BAE0-8E17-4FDA-A242-D1D7C4DB2507}"
EndProject
Project("{FAE04EC0-301F-11D3-BF4B-00C04F79EFBC}") = "GuiOfKifuCsa", "Sources\A180_KifuCsa____\GuiOfKifuCsa.csproj", "{ABED6201-9999-44CD-A91B-4CA01CC89006}"
EndProject
Project("{FAE04EC0-301F-11D3-BF4B-00C04F79EFBC}") = "UseCase", "Sources\A480_ServerAims_\UseCase.csproj", "{DBEA8B61-6F05-49A0-9CCB-6FCF2976BD17}"
EndProject
Project("{FAE04EC0-301F-11D3-BF4B-00C04F79EFBC}") = "Engine", "Sources\A500_ShogiEngine\Engine.csproj", "{E96A7341-B8E6-4979-8B2A-94FF2818962C}"
EndProject
Project("{FAE04EC0-301F-11D3-BF4B-00C04F79EFBC}") = "A630GuiCsharp", "Sources\A630_GuiCsharp__\A630GuiCsharp.csproj", "{9593ACC7-348B-4868-892C-7BAFBF925B9D}"
EndProject
Project("{FAE04EC0-301F-11D3-BF4B-00C04F79EFBC}") = "A660FvWriter", "Sources\A660_FvWriter___\A660FvWriter.csproj", "{7CDE26A7-4404-41D0-A1A3-32132B23FBDB}"
EndProject
Project("{FAE04EC0-301F-11D3-BF4B-00C04F79EFBC}") = "A690FvLearn", "Sources\A690_FvLearn____\A690FvLearn.csproj", "{974BA7C3-37B5-4575-9349-9E44CFECF2D6}"
EndProject
Project("{FAE04EC0-301F-11D3-BF4B-00C04F79EFBC}") = "A720SigmoidTest", "Sources\A720_SigmoidTest\A720SigmoidTest.csproj", "{77E59B81-8B78-45D3-98E4-1BF2269B08A7}"
EndProject
Project("{FAE04EC0-301F-11D3-BF4B-00C04F79EFBC}") = "A750LuaTest", "Sources\A750_LuaTest____\A750LuaTest.csproj", "{B2DE7E01-2844-483A-B18F-4A6250FFEDF2}"
EndProject
Project("{FAE04EC0-301F-11D3-BF4B-00C04F79EFBC}") = "A780SgSyugoTest", "Sources\A780_SgSyugoTest\A780SgSyugoTest.csproj", "{52C00B8B-9FDD-4F0F-9570-6641EF65086E}"
EndProject
Project("{FAE04EC0-301F-11D3-BF4B-00C04F79EFBC}") = "A800GuiCsharpVs", "Sources\A800_GuiCsharpVs\A800GuiCsharpVs.csproj", "{F021F9E5-8184-4B45-83AC-117CEF77F77A}"
EndProject
Project("{FAE04EC0-301F-11D3-BF4B-00C04F79EFBC}") = "A830SpeedKeisok", "Sources\A830_SpeedKeisok\A830SpeedKeisok.csproj", "{9508AF0C-DE28-4762-A2CC-7674F60B68C7}"
EndProject
Project("{FAE04EC0-301F-11D3-BF4B-00C04F79EFBC}") = "A860UtifuduTest", "Sources\A860_UtifuduTest\A860UtifuduTest.csproj", "{0E4A4B25-BF5A-47B5-8AAD-6DA1993673ED}"
EndProject
Project("{FAE04EC0-301F-11D3-BF4B-00C04F79EFBC}") = "A890SampleGame", "Sources\A890_SampleGame\A890SampleGame.csproj", "{FC876110-BD0B-483D-8A64-350582B529F3}"
EndProject
Project("{FAE04EC0-301F-11D3-BF4B-00C04F79EFBC}") = "A950UnitTest", "Sources\A950_UnitTest___\A950UnitTest.csproj", "{12A201DF-1210-4EEC-93C2-5D38D01FF097}"
EndProject
Global
	GlobalSection(SolutionConfigurationPlatforms) = preSolution
		Debug|Any CPU = Debug|Any CPU
		Debug|Mixed Platforms = Debug|Mixed Platforms
		Debug|x64 = Debug|x64
		LEARN|Any CPU = LEARN|Any CPU
		LEARN|Mixed Platforms = LEARN|Mixed Platforms
		LEARN|x64 = LEARN|x64
		Release|Any CPU = Release|Any CPU
		Release|Mixed Platforms = Release|Mixed Platforms
		Release|x64 = Release|x64
	EndGlobalSection
	GlobalSection(ProjectConfigurationPlatforms) = postSolution
		{147B11E0-827B-4D3F-844C-ADF2BEAFA53F}.Debug|Any CPU.ActiveCfg = Debug|Any CPU
		{147B11E0-827B-4D3F-844C-ADF2BEAFA53F}.Debug|Any CPU.Build.0 = Debug|Any CPU
		{147B11E0-827B-4D3F-844C-ADF2BEAFA53F}.Debug|Mixed Platforms.ActiveCfg = Debug|Any CPU
		{147B11E0-827B-4D3F-844C-ADF2BEAFA53F}.Debug|Mixed Platforms.Build.0 = Debug|Any CPU
		{147B11E0-827B-4D3F-844C-ADF2BEAFA53F}.Debug|x64.ActiveCfg = Debug|Any CPU
		{147B11E0-827B-4D3F-844C-ADF2BEAFA53F}.Debug|x64.Build.0 = Debug|Any CPU
		{147B11E0-827B-4D3F-844C-ADF2BEAFA53F}.LEARN|Any CPU.ActiveCfg = LEARN|Any CPU
		{147B11E0-827B-4D3F-844C-ADF2BEAFA53F}.LEARN|Any CPU.Build.0 = LEARN|Any CPU
		{147B11E0-827B-4D3F-844C-ADF2BEAFA53F}.LEARN|Mixed Platforms.ActiveCfg = LEARN|Any CPU
		{147B11E0-827B-4D3F-844C-ADF2BEAFA53F}.LEARN|Mixed Platforms.Build.0 = LEARN|Any CPU
		{147B11E0-827B-4D3F-844C-ADF2BEAFA53F}.LEARN|x64.ActiveCfg = LEARN|Any CPU
		{147B11E0-827B-4D3F-844C-ADF2BEAFA53F}.LEARN|x64.Build.0 = LEARN|Any CPU
		{147B11E0-827B-4D3F-844C-ADF2BEAFA53F}.Release|Any CPU.ActiveCfg = Release|Any CPU
		{147B11E0-827B-4D3F-844C-ADF2BEAFA53F}.Release|Any CPU.Build.0 = Release|Any CPU
		{147B11E0-827B-4D3F-844C-ADF2BEAFA53F}.Release|Mixed Platforms.ActiveCfg = Release|Any CPU
		{147B11E0-827B-4D3F-844C-ADF2BEAFA53F}.Release|Mixed Platforms.Build.0 = Release|Any CPU
		{147B11E0-827B-4D3F-844C-ADF2BEAFA53F}.Release|x64.ActiveCfg = Release|Any CPU
		{147B11E0-827B-4D3F-844C-ADF2BEAFA53F}.Release|x64.Build.0 = Release|Any CPU
		{6F26BAE0-8E17-4FDA-A242-D1D7C4DB2507}.Debug|Any CPU.ActiveCfg = Debug|Any CPU
		{6F26BAE0-8E17-4FDA-A242-D1D7C4DB2507}.Debug|Any CPU.Build.0 = Debug|Any CPU
		{6F26BAE0-8E17-4FDA-A242-D1D7C4DB2507}.Debug|Mixed Platforms.ActiveCfg = Debug|Any CPU
		{6F26BAE0-8E17-4FDA-A242-D1D7C4DB2507}.Debug|Mixed Platforms.Build.0 = Debug|Any CPU
		{6F26BAE0-8E17-4FDA-A242-D1D7C4DB2507}.Debug|x64.ActiveCfg = Debug|Any CPU
		{6F26BAE0-8E17-4FDA-A242-D1D7C4DB2507}.Debug|x64.Build.0 = Debug|Any CPU
		{6F26BAE0-8E17-4FDA-A242-D1D7C4DB2507}.LEARN|Any CPU.ActiveCfg = LEARN|Any CPU
		{6F26BAE0-8E17-4FDA-A242-D1D7C4DB2507}.LEARN|Any CPU.Build.0 = LEARN|Any CPU
		{6F26BAE0-8E17-4FDA-A242-D1D7C4DB2507}.LEARN|Mixed Platforms.ActiveCfg = LEARN|Any CPU
		{6F26BAE0-8E17-4FDA-A242-D1D7C4DB2507}.LEARN|Mixed Platforms.Build.0 = LEARN|Any CPU
		{6F26BAE0-8E17-4FDA-A242-D1D7C4DB2507}.LEARN|x64.ActiveCfg = LEARN|Any CPU
		{6F26BAE0-8E17-4FDA-A242-D1D7C4DB2507}.LEARN|x64.Build.0 = LEARN|Any CPU
		{6F26BAE0-8E17-4FDA-A242-D1D7C4DB2507}.Release|Any CPU.ActiveCfg = Release|Any CPU
		{6F26BAE0-8E17-4FDA-A242-D1D7C4DB2507}.Release|Any CPU.Build.0 = Release|Any CPU
		{6F26BAE0-8E17-4FDA-A242-D1D7C4DB2507}.Release|Mixed Platforms.ActiveCfg = Release|Any CPU
		{6F26BAE0-8E17-4FDA-A242-D1D7C4DB2507}.Release|Mixed Platforms.Build.0 = Release|Any CPU
		{6F26BAE0-8E17-4FDA-A242-D1D7C4DB2507}.Release|x64.ActiveCfg = Release|Any CPU
		{6F26BAE0-8E17-4FDA-A242-D1D7C4DB2507}.Release|x64.Build.0 = Release|Any CPU
		{ABED6201-9999-44CD-A91B-4CA01CC89006}.Debug|Any CPU.ActiveCfg = Debug|Any CPU
		{ABED6201-9999-44CD-A91B-4CA01CC89006}.Debug|Any CPU.Build.0 = Debug|Any CPU
		{ABED6201-9999-44CD-A91B-4CA01CC89006}.Debug|Mixed Platforms.ActiveCfg = Debug|Any CPU
		{ABED6201-9999-44CD-A91B-4CA01CC89006}.Debug|Mixed Platforms.Build.0 = Debug|Any CPU
		{ABED6201-9999-44CD-A91B-4CA01CC89006}.Debug|x64.ActiveCfg = Debug|Any CPU
		{ABED6201-9999-44CD-A91B-4CA01CC89006}.Debug|x64.Build.0 = Debug|Any CPU
		{ABED6201-9999-44CD-A91B-4CA01CC89006}.LEARN|Any CPU.ActiveCfg = LEARN|Any CPU
		{ABED6201-9999-44CD-A91B-4CA01CC89006}.LEARN|Any CPU.Build.0 = LEARN|Any CPU
		{ABED6201-9999-44CD-A91B-4CA01CC89006}.LEARN|Mixed Platforms.ActiveCfg = LEARN|Any CPU
		{ABED6201-9999-44CD-A91B-4CA01CC89006}.LEARN|Mixed Platforms.Build.0 = LEARN|Any CPU
		{ABED6201-9999-44CD-A91B-4CA01CC89006}.LEARN|x64.ActiveCfg = LEARN|Any CPU
		{ABED6201-9999-44CD-A91B-4CA01CC89006}.LEARN|x64.Build.0 = LEARN|Any CPU
		{ABED6201-9999-44CD-A91B-4CA01CC89006}.Release|Any CPU.ActiveCfg = Release|Any CPU
		{ABED6201-9999-44CD-A91B-4CA01CC89006}.Release|Any CPU.Build.0 = Release|Any CPU
		{ABED6201-9999-44CD-A91B-4CA01CC89006}.Release|Mixed Platforms.ActiveCfg = Release|Any CPU
		{ABED6201-9999-44CD-A91B-4CA01CC89006}.Release|Mixed Platforms.Build.0 = Release|Any CPU
		{ABED6201-9999-44CD-A91B-4CA01CC89006}.Release|x64.ActiveCfg = Release|Any CPU
		{ABED6201-9999-44CD-A91B-4CA01CC89006}.Release|x64.Build.0 = Release|Any CPU
		{DBEA8B61-6F05-49A0-9CCB-6FCF2976BD17}.Debug|Any CPU.ActiveCfg = Debug|Any CPU
		{DBEA8B61-6F05-49A0-9CCB-6FCF2976BD17}.Debug|Any CPU.Build.0 = Debug|Any CPU
		{DBEA8B61-6F05-49A0-9CCB-6FCF2976BD17}.Debug|Mixed Platforms.ActiveCfg = Debug|Any CPU
		{DBEA8B61-6F05-49A0-9CCB-6FCF2976BD17}.Debug|Mixed Platforms.Build.0 = Debug|Any CPU
		{DBEA8B61-6F05-49A0-9CCB-6FCF2976BD17}.Debug|x64.ActiveCfg = Debug|Any CPU
		{DBEA8B61-6F05-49A0-9CCB-6FCF2976BD17}.Debug|x64.Build.0 = Debug|Any CPU
		{DBEA8B61-6F05-49A0-9CCB-6FCF2976BD17}.LEARN|Any CPU.ActiveCfg = LEARN|Any CPU
		{DBEA8B61-6F05-49A0-9CCB-6FCF2976BD17}.LEARN|Any CPU.Build.0 = LEARN|Any CPU
		{DBEA8B61-6F05-49A0-9CCB-6FCF2976BD17}.LEARN|Mixed Platforms.ActiveCfg = LEARN|Any CPU
		{DBEA8B61-6F05-49A0-9CCB-6FCF2976BD17}.LEARN|Mixed Platforms.Build.0 = LEARN|Any CPU
		{DBEA8B61-6F05-49A0-9CCB-6FCF2976BD17}.LEARN|x64.ActiveCfg = LEARN|Any CPU
		{DBEA8B61-6F05-49A0-9CCB-6FCF2976BD17}.LEARN|x64.Build.0 = LEARN|Any CPU
		{DBEA8B61-6F05-49A0-9CCB-6FCF2976BD17}.Release|Any CPU.ActiveCfg = Release|Any CPU
		{DBEA8B61-6F05-49A0-9CCB-6FCF2976BD17}.Release|Any CPU.Build.0 = Release|Any CPU
		{DBEA8B61-6F05-49A0-9CCB-6FCF2976BD17}.Release|Mixed Platforms.ActiveCfg = Release|Any CPU
		{DBEA8B61-6F05-49A0-9CCB-6FCF2976BD17}.Release|Mixed Platforms.Build.0 = Release|Any CPU
		{DBEA8B61-6F05-49A0-9CCB-6FCF2976BD17}.Release|x64.ActiveCfg = Release|Any CPU
		{DBEA8B61-6F05-49A0-9CCB-6FCF2976BD17}.Release|x64.Build.0 = Release|Any CPU
		{E96A7341-B8E6-4979-8B2A-94FF2818962C}.Debug|Any CPU.ActiveCfg = Debug|Any CPU
		{E96A7341-B8E6-4979-8B2A-94FF2818962C}.Debug|Any CPU.Build.0 = Debug|Any CPU
		{E96A7341-B8E6-4979-8B2A-94FF2818962C}.Debug|Mixed Platforms.ActiveCfg = Debug|Any CPU
		{E96A7341-B8E6-4979-8B2A-94FF2818962C}.Debug|Mixed Platforms.Build.0 = Debug|Any CPU
		{E96A7341-B8E6-4979-8B2A-94FF2818962C}.Debug|x64.ActiveCfg = Debug|Any CPU
		{E96A7341-B8E6-4979-8B2A-94FF2818962C}.Debug|x64.Build.0 = Debug|Any CPU
		{E96A7341-B8E6-4979-8B2A-94FF2818962C}.LEARN|Any CPU.ActiveCfg = LEARN|Any CPU
		{E96A7341-B8E6-4979-8B2A-94FF2818962C}.LEARN|Any CPU.Build.0 = LEARN|Any CPU
		{E96A7341-B8E6-4979-8B2A-94FF2818962C}.LEARN|Mixed Platforms.ActiveCfg = LEARN|Any CPU
		{E96A7341-B8E6-4979-8B2A-94FF2818962C}.LEARN|Mixed Platforms.Build.0 = LEARN|Any CPU
		{E96A7341-B8E6-4979-8B2A-94FF2818962C}.LEARN|x64.ActiveCfg = LEARN|Any CPU
		{E96A7341-B8E6-4979-8B2A-94FF2818962C}.LEARN|x64.Build.0 = LEARN|Any CPU
		{E96A7341-B8E6-4979-8B2A-94FF2818962C}.Release|Any CPU.ActiveCfg = Release|Any CPU
		{E96A7341-B8E6-4979-8B2A-94FF2818962C}.Release|Any CPU.Build.0 = Release|Any CPU
		{E96A7341-B8E6-4979-8B2A-94FF2818962C}.Release|Mixed Platforms.ActiveCfg = Release|Any CPU
		{E96A7341-B8E6-4979-8B2A-94FF2818962C}.Release|Mixed Platforms.Build.0 = Release|Any CPU
		{E96A7341-B8E6-4979-8B2A-94FF2818962C}.Release|x64.ActiveCfg = Release|Any CPU
		{E96A7341-B8E6-4979-8B2A-94FF2818962C}.Release|x64.Build.0 = Release|Any CPU
		{9593ACC7-348B-4868-892C-7BAFBF925B9D}.Debug|Any CPU.ActiveCfg = Debug|Any CPU
		{9593ACC7-348B-4868-892C-7BAFBF925B9D}.Debug|Any CPU.Build.0 = Debug|Any CPU
		{9593ACC7-348B-4868-892C-7BAFBF925B9D}.Debug|Mixed Platforms.ActiveCfg = Debug|Any CPU
		{9593ACC7-348B-4868-892C-7BAFBF925B9D}.Debug|Mixed Platforms.Build.0 = Debug|Any CPU
		{9593ACC7-348B-4868-892C-7BAFBF925B9D}.Debug|x64.ActiveCfg = Debug|Any CPU
		{9593ACC7-348B-4868-892C-7BAFBF925B9D}.Debug|x64.Build.0 = Debug|Any CPU
		{9593ACC7-348B-4868-892C-7BAFBF925B9D}.LEARN|Any CPU.ActiveCfg = LEARN|Any CPU
		{9593ACC7-348B-4868-892C-7BAFBF925B9D}.LEARN|Any CPU.Build.0 = LEARN|Any CPU
		{9593ACC7-348B-4868-892C-7BAFBF925B9D}.LEARN|Mixed Platforms.ActiveCfg = LEARN|Any CPU
		{9593ACC7-348B-4868-892C-7BAFBF925B9D}.LEARN|Mixed Platforms.Build.0 = LEARN|Any CPU
		{9593ACC7-348B-4868-892C-7BAFBF925B9D}.LEARN|x64.ActiveCfg = LEARN|Any CPU
		{9593ACC7-348B-4868-892C-7BAFBF925B9D}.LEARN|x64.Build.0 = LEARN|Any CPU
		{9593ACC7-348B-4868-892C-7BAFBF925B9D}.Release|Any CPU.ActiveCfg = Release|Any CPU
		{9593ACC7-348B-4868-892C-7BAFBF925B9D}.Release|Any CPU.Build.0 = Release|Any CPU
		{9593ACC7-348B-4868-892C-7BAFBF925B9D}.Release|Mixed Platforms.ActiveCfg = Release|Any CPU
		{9593ACC7-348B-4868-892C-7BAFBF925B9D}.Release|Mixed Platforms.Build.0 = Release|Any CPU
		{9593ACC7-348B-4868-892C-7BAFBF925B9D}.Release|x64.ActiveCfg = Release|Any CPU
		{9593ACC7-348B-4868-892C-7BAFBF925B9D}.Release|x64.Build.0 = Release|Any CPU
		{7CDE26A7-4404-41D0-A1A3-32132B23FBDB}.Debug|Any CPU.ActiveCfg = Debug|Any CPU
		{7CDE26A7-4404-41D0-A1A3-32132B23FBDB}.Debug|Any CPU.Build.0 = Debug|Any CPU
		{7CDE26A7-4404-41D0-A1A3-32132B23FBDB}.Debug|Mixed Platforms.ActiveCfg = Debug|Any CPU
		{7CDE26A7-4404-41D0-A1A3-32132B23FBDB}.Debug|Mixed Platforms.Build.0 = Debug|Any CPU
		{7CDE26A7-4404-41D0-A1A3-32132B23FBDB}.Debug|x64.ActiveCfg = Debug|Any CPU
		{7CDE26A7-4404-41D0-A1A3-32132B23FBDB}.Debug|x64.Build.0 = Debug|Any CPU
		{7CDE26A7-4404-41D0-A1A3-32132B23FBDB}.LEARN|Any CPU.ActiveCfg = LEARN|Any CPU
		{7CDE26A7-4404-41D0-A1A3-32132B23FBDB}.LEARN|Any CPU.Build.0 = LEARN|Any CPU
		{7CDE26A7-4404-41D0-A1A3-32132B23FBDB}.LEARN|Mixed Platforms.ActiveCfg = LEARN|Any CPU
		{7CDE26A7-4404-41D0-A1A3-32132B23FBDB}.LEARN|Mixed Platforms.Build.0 = LEARN|Any CPU
		{7CDE26A7-4404-41D0-A1A3-32132B23FBDB}.LEARN|x64.ActiveCfg = LEARN|Any CPU
		{7CDE26A7-4404-41D0-A1A3-32132B23FBDB}.LEARN|x64.Build.0 = LEARN|Any CPU
		{7CDE26A7-4404-41D0-A1A3-32132B23FBDB}.Release|Any CPU.ActiveCfg = Release|Any CPU
		{7CDE26A7-4404-41D0-A1A3-32132B23FBDB}.Release|Any CPU.Build.0 = Release|Any CPU
		{7CDE26A7-4404-41D0-A1A3-32132B23FBDB}.Release|Mixed Platforms.ActiveCfg = Release|Any CPU
		{7CDE26A7-4404-41D0-A1A3-32132B23FBDB}.Release|Mixed Platforms.Build.0 = Release|Any CPU
		{7CDE26A7-4404-41D0-A1A3-32132B23FBDB}.Release|x64.ActiveCfg = Release|Any CPU
		{7CDE26A7-4404-41D0-A1A3-32132B23FBDB}.Release|x64.Build.0 = Release|Any CPU
		{974BA7C3-37B5-4575-9349-9E44CFECF2D6}.Debug|Any CPU.ActiveCfg = Debug|Any CPU
		{974BA7C3-37B5-4575-9349-9E44CFECF2D6}.Debug|Any CPU.Build.0 = Debug|Any CPU
		{974BA7C3-37B5-4575-9349-9E44CFECF2D6}.Debug|Mixed Platforms.ActiveCfg = Debug|Any CPU
		{974BA7C3-37B5-4575-9349-9E44CFECF2D6}.Debug|Mixed Platforms.Build.0 = Debug|Any CPU
		{974BA7C3-37B5-4575-9349-9E44CFECF2D6}.Debug|x64.ActiveCfg = Debug|Any CPU
		{974BA7C3-37B5-4575-9349-9E44CFECF2D6}.Debug|x64.Build.0 = Debug|Any CPU
		{974BA7C3-37B5-4575-9349-9E44CFECF2D6}.LEARN|Any CPU.ActiveCfg = LEARN|Any CPU
		{974BA7C3-37B5-4575-9349-9E44CFECF2D6}.LEARN|Any CPU.Build.0 = LEARN|Any CPU
		{974BA7C3-37B5-4575-9349-9E44CFECF2D6}.LEARN|Mixed Platforms.ActiveCfg = LEARN|Any CPU
		{974BA7C3-37B5-4575-9349-9E44CFECF2D6}.LEARN|Mixed Platforms.Build.0 = LEARN|Any CPU
		{974BA7C3-37B5-4575-9349-9E44CFECF2D6}.LEARN|x64.ActiveCfg = LEARN|Any CPU
		{974BA7C3-37B5-4575-9349-9E44CFECF2D6}.LEARN|x64.Build.0 = LEARN|Any CPU
		{974BA7C3-37B5-4575-9349-9E44CFECF2D6}.Release|Any CPU.ActiveCfg = Release|Any CPU
		{974BA7C3-37B5-4575-9349-9E44CFECF2D6}.Release|Any CPU.Build.0 = Release|Any CPU
		{974BA7C3-37B5-4575-9349-9E44CFECF2D6}.Release|Mixed Platforms.ActiveCfg = Release|Any CPU
		{974BA7C3-37B5-4575-9349-9E44CFECF2D6}.Release|Mixed Platforms.Build.0 = Release|Any CPU
		{974BA7C3-37B5-4575-9349-9E44CFECF2D6}.Release|x64.ActiveCfg = Release|Any CPU
		{974BA7C3-37B5-4575-9349-9E44CFECF2D6}.Release|x64.Build.0 = Release|Any CPU
		{77E59B81-8B78-45D3-98E4-1BF2269B08A7}.Debug|Any CPU.ActiveCfg = Debug|Any CPU
		{77E59B81-8B78-45D3-98E4-1BF2269B08A7}.Debug|Any CPU.Build.0 = Debug|Any CPU
		{77E59B81-8B78-45D3-98E4-1BF2269B08A7}.Debug|Mixed Platforms.ActiveCfg = Debug|Any CPU
		{77E59B81-8B78-45D3-98E4-1BF2269B08A7}.Debug|Mixed Platforms.Build.0 = Debug|Any CPU
		{77E59B81-8B78-45D3-98E4-1BF2269B08A7}.Debug|x64.ActiveCfg = Debug|Any CPU
		{77E59B81-8B78-45D3-98E4-1BF2269B08A7}.Debug|x64.Build.0 = Debug|Any CPU
		{77E59B81-8B78-45D3-98E4-1BF2269B08A7}.LEARN|Any CPU.ActiveCfg = LEARN|Any CPU
		{77E59B81-8B78-45D3-98E4-1BF2269B08A7}.LEARN|Any CPU.Build.0 = LEARN|Any CPU
		{77E59B81-8B78-45D3-98E4-1BF2269B08A7}.LEARN|Mixed Platforms.ActiveCfg = LEARN|Any CPU
		{77E59B81-8B78-45D3-98E4-1BF2269B08A7}.LEARN|Mixed Platforms.Build.0 = LEARN|Any CPU
		{77E59B81-8B78-45D3-98E4-1BF2269B08A7}.LEARN|x64.ActiveCfg = LEARN|Any CPU
		{77E59B81-8B78-45D3-98E4-1BF2269B08A7}.LEARN|x64.Build.0 = LEARN|Any CPU
		{77E59B81-8B78-45D3-98E4-1BF2269B08A7}.Release|Any CPU.ActiveCfg = Release|Any CPU
		{77E59B81-8B78-45D3-98E4-1BF2269B08A7}.Release|Any CPU.Build.0 = Release|Any CPU
		{77E59B81-8B78-45D3-98E4-1BF2269B08A7}.Release|Mixed Platforms.ActiveCfg = Release|Any CPU
		{77E59B81-8B78-45D3-98E4-1BF2269B08A7}.Release|Mixed Platforms.Build.0 = Release|Any CPU
		{77E59B81-8B78-45D3-98E4-1BF2269B08A7}.Release|x64.ActiveCfg = Release|Any CPU
		{77E59B81-8B78-45D3-98E4-1BF2269B08A7}.Release|x64.Build.0 = Release|Any CPU
		{B2DE7E01-2844-483A-B18F-4A6250FFEDF2}.Debug|Any CPU.ActiveCfg = Debug|Any CPU
		{B2DE7E01-2844-483A-B18F-4A6250FFEDF2}.Debug|Any CPU.Build.0 = Debug|Any CPU
		{B2DE7E01-2844-483A-B18F-4A6250FFEDF2}.Debug|Mixed Platforms.ActiveCfg = Debug|Any CPU
		{B2DE7E01-2844-483A-B18F-4A6250FFEDF2}.Debug|Mixed Platforms.Build.0 = Debug|Any CPU
		{B2DE7E01-2844-483A-B18F-4A6250FFEDF2}.Debug|x64.ActiveCfg = Debug|Any CPU
		{B2DE7E01-2844-483A-B18F-4A6250FFEDF2}.Debug|x64.Build.0 = Debug|Any CPU
		{B2DE7E01-2844-483A-B18F-4A6250FFEDF2}.LEARN|Any CPU.ActiveCfg = LEARN|Any CPU
		{B2DE7E01-2844-483A-B18F-4A6250FFEDF2}.LEARN|Any CPU.Build.0 = LEARN|Any CPU
		{B2DE7E01-2844-483A-B18F-4A6250FFEDF2}.LEARN|Mixed Platforms.ActiveCfg = LEARN|Any CPU
		{B2DE7E01-2844-483A-B18F-4A6250FFEDF2}.LEARN|Mixed Platforms.Build.0 = LEARN|Any CPU
		{B2DE7E01-2844-483A-B18F-4A6250FFEDF2}.LEARN|x64.ActiveCfg = LEARN|Any CPU
		{B2DE7E01-2844-483A-B18F-4A6250FFEDF2}.LEARN|x64.Build.0 = LEARN|Any CPU
		{B2DE7E01-2844-483A-B18F-4A6250FFEDF2}.Release|Any CPU.ActiveCfg = Release|Any CPU
		{B2DE7E01-2844-483A-B18F-4A6250FFEDF2}.Release|Any CPU.Build.0 = Release|Any CPU
		{B2DE7E01-2844-483A-B18F-4A6250FFEDF2}.Release|Mixed Platforms.ActiveCfg = Release|Any CPU
		{B2DE7E01-2844-483A-B18F-4A6250FFEDF2}.Release|Mixed Platforms.Build.0 = Release|Any CPU
		{B2DE7E01-2844-483A-B18F-4A6250FFEDF2}.Release|x64.ActiveCfg = Release|Any CPU
		{B2DE7E01-2844-483A-B18F-4A6250FFEDF2}.Release|x64.Build.0 = Release|Any CPU
		{52C00B8B-9FDD-4F0F-9570-6641EF65086E}.Debug|Any CPU.ActiveCfg = Debug|Any CPU
		{52C00B8B-9FDD-4F0F-9570-6641EF65086E}.Debug|Any CPU.Build.0 = Debug|Any CPU
		{52C00B8B-9FDD-4F0F-9570-6641EF65086E}.Debug|Mixed Platforms.ActiveCfg = Debug|Any CPU
		{52C00B8B-9FDD-4F0F-9570-6641EF65086E}.Debug|Mixed Platforms.Build.0 = Debug|Any CPU
		{52C00B8B-9FDD-4F0F-9570-6641EF65086E}.Debug|x64.ActiveCfg = Debug|Any CPU
		{52C00B8B-9FDD-4F0F-9570-6641EF65086E}.Debug|x64.Build.0 = Debug|Any CPU
		{52C00B8B-9FDD-4F0F-9570-6641EF65086E}.LEARN|Any CPU.ActiveCfg = LEARN|Any CPU
		{52C00B8B-9FDD-4F0F-9570-6641EF65086E}.LEARN|Any CPU.Build.0 = LEARN|Any CPU
		{52C00B8B-9FDD-4F0F-9570-6641EF65086E}.LEARN|Mixed Platforms.ActiveCfg = LEARN|Any CPU
		{52C00B8B-9FDD-4F0F-9570-6641EF65086E}.LEARN|Mixed Platforms.Build.0 = LEARN|Any CPU
		{52C00B8B-9FDD-4F0F-9570-6641EF65086E}.LEARN|x64.ActiveCfg = LEARN|Any CPU
		{52C00B8B-9FDD-4F0F-9570-6641EF65086E}.LEARN|x64.Build.0 = LEARN|Any CPU
		{52C00B8B-9FDD-4F0F-9570-6641EF65086E}.Release|Any CPU.ActiveCfg = Release|Any CPU
		{52C00B8B-9FDD-4F0F-9570-6641EF65086E}.Release|Any CPU.Build.0 = Release|Any CPU
		{52C00B8B-9FDD-4F0F-9570-6641EF65086E}.Release|Mixed Platforms.ActiveCfg = Release|Any CPU
		{52C00B8B-9FDD-4F0F-9570-6641EF65086E}.Release|Mixed Platforms.Build.0 = Release|Any CPU
		{52C00B8B-9FDD-4F0F-9570-6641EF65086E}.Release|x64.ActiveCfg = Release|Any CPU
		{52C00B8B-9FDD-4F0F-9570-6641EF65086E}.Release|x64.Build.0 = Release|Any CPU
		{F021F9E5-8184-4B45-83AC-117CEF77F77A}.Debug|Any CPU.ActiveCfg = Debug|Any CPU
		{F021F9E5-8184-4B45-83AC-117CEF77F77A}.Debug|Any CPU.Build.0 = Debug|Any CPU
		{F021F9E5-8184-4B45-83AC-117CEF77F77A}.Debug|Mixed Platforms.ActiveCfg = Debug|Any CPU
		{F021F9E5-8184-4B45-83AC-117CEF77F77A}.Debug|Mixed Platforms.Build.0 = Debug|Any CPU
		{F021F9E5-8184-4B45-83AC-117CEF77F77A}.Debug|x64.ActiveCfg = Debug|Any CPU
		{F021F9E5-8184-4B45-83AC-117CEF77F77A}.Debug|x64.Build.0 = Debug|Any CPU
		{F021F9E5-8184-4B45-83AC-117CEF77F77A}.LEARN|Any CPU.ActiveCfg = LEARN|Any CPU
		{F021F9E5-8184-4B45-83AC-117CEF77F77A}.LEARN|Any CPU.Build.0 = LEARN|Any CPU
		{F021F9E5-8184-4B45-83AC-117CEF77F77A}.LEARN|Mixed Platforms.ActiveCfg = LEARN|Any CPU
		{F021F9E5-8184-4B45-83AC-117CEF77F77A}.LEARN|Mixed Platforms.Build.0 = LEARN|Any CPU
		{F021F9E5-8184-4B45-83AC-117CEF77F77A}.LEARN|x64.ActiveCfg = LEARN|Any CPU
		{F021F9E5-8184-4B45-83AC-117CEF77F77A}.LEARN|x64.Build.0 = LEARN|Any CPU
		{F021F9E5-8184-4B45-83AC-117CEF77F77A}.Release|Any CPU.ActiveCfg = Release|Any CPU
		{F021F9E5-8184-4B45-83AC-117CEF77F77A}.Release|Any CPU.Build.0 = Release|Any CPU
		{F021F9E5-8184-4B45-83AC-117CEF77F77A}.Release|Mixed Platforms.ActiveCfg = Release|Any CPU
		{F021F9E5-8184-4B45-83AC-117CEF77F77A}.Release|Mixed Platforms.Build.0 = Release|Any CPU
		{F021F9E5-8184-4B45-83AC-117CEF77F77A}.Release|x64.ActiveCfg = Release|Any CPU
		{F021F9E5-8184-4B45-83AC-117CEF77F77A}.Release|x64.Build.0 = Release|Any CPU
		{9508AF0C-DE28-4762-A2CC-7674F60B68C7}.Debug|Any CPU.ActiveCfg = Debug|Any CPU
		{9508AF0C-DE28-4762-A2CC-7674F60B68C7}.Debug|Any CPU.Build.0 = Debug|Any CPU
		{9508AF0C-DE28-4762-A2CC-7674F60B68C7}.Debug|Mixed Platforms.ActiveCfg = Debug|Any CPU
		{9508AF0C-DE28-4762-A2CC-7674F60B68C7}.Debug|Mixed Platforms.Build.0 = Debug|Any CPU
		{9508AF0C-DE28-4762-A2CC-7674F60B68C7}.Debug|x64.ActiveCfg = Debug|Any CPU
		{9508AF0C-DE28-4762-A2CC-7674F60B68C7}.Debug|x64.Build.0 = Debug|Any CPU
		{9508AF0C-DE28-4762-A2CC-7674F60B68C7}.LEARN|Any CPU.ActiveCfg = LEARN|Any CPU
		{9508AF0C-DE28-4762-A2CC-7674F60B68C7}.LEARN|Any CPU.Build.0 = LEARN|Any CPU
		{9508AF0C-DE28-4762-A2CC-7674F60B68C7}.LEARN|Mixed Platforms.ActiveCfg = LEARN|Any CPU
		{9508AF0C-DE28-4762-A2CC-7674F60B68C7}.LEARN|Mixed Platforms.Build.0 = LEARN|Any CPU
		{9508AF0C-DE28-4762-A2CC-7674F60B68C7}.LEARN|x64.ActiveCfg = LEARN|Any CPU
		{9508AF0C-DE28-4762-A2CC-7674F60B68C7}.LEARN|x64.Build.0 = LEARN|Any CPU
		{9508AF0C-DE28-4762-A2CC-7674F60B68C7}.Release|Any CPU.ActiveCfg = Release|Any CPU
		{9508AF0C-DE28-4762-A2CC-7674F60B68C7}.Release|Any CPU.Build.0 = Release|Any CPU
		{9508AF0C-DE28-4762-A2CC-7674F60B68C7}.Release|Mixed Platforms.ActiveCfg = Release|Any CPU
		{9508AF0C-DE28-4762-A2CC-7674F60B68C7}.Release|Mixed Platforms.Build.0 = Release|Any CPU
		{9508AF0C-DE28-4762-A2CC-7674F60B68C7}.Release|x64.ActiveCfg = Release|Any CPU
		{9508AF0C-DE28-4762-A2CC-7674F60B68C7}.Release|x64.Build.0 = Release|Any CPU
		{0E4A4B25-BF5A-47B5-8AAD-6DA1993673ED}.Debug|Any CPU.ActiveCfg = Debug|Any CPU
		{0E4A4B25-BF5A-47B5-8AAD-6DA1993673ED}.Debug|Any CPU.Build.0 = Debug|Any CPU
		{0E4A4B25-BF5A-47B5-8AAD-6DA1993673ED}.Debug|Mixed Platforms.ActiveCfg = Debug|Any CPU
		{0E4A4B25-BF5A-47B5-8AAD-6DA1993673ED}.Debug|Mixed Platforms.Build.0 = Debug|Any CPU
		{0E4A4B25-BF5A-47B5-8AAD-6DA1993673ED}.Debug|x64.ActiveCfg = Debug|Any CPU
		{0E4A4B25-BF5A-47B5-8AAD-6DA1993673ED}.Debug|x64.Build.0 = Debug|Any CPU
		{0E4A4B25-BF5A-47B5-8AAD-6DA1993673ED}.LEARN|Any CPU.ActiveCfg = LEARN|Any CPU
		{0E4A4B25-BF5A-47B5-8AAD-6DA1993673ED}.LEARN|Any CPU.Build.0 = LEARN|Any CPU
		{0E4A4B25-BF5A-47B5-8AAD-6DA1993673ED}.LEARN|Mixed Platforms.ActiveCfg = LEARN|Any CPU
		{0E4A4B25-BF5A-47B5-8AAD-6DA1993673ED}.LEARN|Mixed Platforms.Build.0 = LEARN|Any CPU
		{0E4A4B25-BF5A-47B5-8AAD-6DA1993673ED}.LEARN|x64.ActiveCfg = LEARN|Any CPU
		{0E4A4B25-BF5A-47B5-8AAD-6DA1993673ED}.LEARN|x64.Build.0 = LEARN|Any CPU
		{0E4A4B25-BF5A-47B5-8AAD-6DA1993673ED}.Release|Any CPU.ActiveCfg = Release|Any CPU
		{0E4A4B25-BF5A-47B5-8AAD-6DA1993673ED}.Release|Any CPU.Build.0 = Release|Any CPU
		{0E4A4B25-BF5A-47B5-8AAD-6DA1993673ED}.Release|Mixed Platforms.ActiveCfg = Release|Any CPU
		{0E4A4B25-BF5A-47B5-8AAD-6DA1993673ED}.Release|Mixed Platforms.Build.0 = Release|Any CPU
		{0E4A4B25-BF5A-47B5-8AAD-6DA1993673ED}.Release|x64.ActiveCfg = Release|Any CPU
		{0E4A4B25-BF5A-47B5-8AAD-6DA1993673ED}.Release|x64.Build.0 = Release|Any CPU
		{FC876110-BD0B-483D-8A64-350582B529F3}.Debug|Any CPU.ActiveCfg = Debug|Any CPU
		{FC876110-BD0B-483D-8A64-350582B529F3}.Debug|Any CPU.Build.0 = Debug|Any CPU
		{FC876110-BD0B-483D-8A64-350582B529F3}.Debug|Mixed Platforms.ActiveCfg = Debug|Any CPU
		{FC876110-BD0B-483D-8A64-350582B529F3}.Debug|Mixed Platforms.Build.0 = Debug|Any CPU
		{FC876110-BD0B-483D-8A64-350582B529F3}.Debug|x64.ActiveCfg = Debug|Any CPU
		{FC876110-BD0B-483D-8A64-350582B529F3}.Debug|x64.Build.0 = Debug|Any CPU
		{FC876110-BD0B-483D-8A64-350582B529F3}.LEARN|Any CPU.ActiveCfg = Debug|Any CPU
		{FC876110-BD0B-483D-8A64-350582B529F3}.LEARN|Any CPU.Build.0 = Debug|Any CPU
		{FC876110-BD0B-483D-8A64-350582B529F3}.LEARN|Mixed Platforms.ActiveCfg = Debug|Any CPU
		{FC876110-BD0B-483D-8A64-350582B529F3}.LEARN|Mixed Platforms.Build.0 = Debug|Any CPU
		{FC876110-BD0B-483D-8A64-350582B529F3}.LEARN|x64.ActiveCfg = Debug|Any CPU
		{FC876110-BD0B-483D-8A64-350582B529F3}.LEARN|x64.Build.0 = Debug|Any CPU
		{FC876110-BD0B-483D-8A64-350582B529F3}.Release|Any CPU.ActiveCfg = Release|Any CPU
		{FC876110-BD0B-483D-8A64-350582B529F3}.Release|Any CPU.Build.0 = Release|Any CPU
		{FC876110-BD0B-483D-8A64-350582B529F3}.Release|Mixed Platforms.ActiveCfg = Release|Any CPU
		{FC876110-BD0B-483D-8A64-350582B529F3}.Release|Mixed Platforms.Build.0 = Release|Any CPU
		{FC876110-BD0B-483D-8A64-350582B529F3}.Release|x64.ActiveCfg = Release|Any CPU
		{FC876110-BD0B-483D-8A64-350582B529F3}.Release|x64.Build.0 = Release|Any CPU
		{12A201DF-1210-4EEC-93C2-5D38D01FF097}.Debug|Any CPU.ActiveCfg = Debug|Any CPU
		{12A201DF-1210-4EEC-93C2-5D38D01FF097}.Debug|Any CPU.Build.0 = Debug|Any CPU
		{12A201DF-1210-4EEC-93C2-5D38D01FF097}.Debug|Mixed Platforms.ActiveCfg = Debug|Any CPU
		{12A201DF-1210-4EEC-93C2-5D38D01FF097}.Debug|Mixed Platforms.Build.0 = Debug|Any CPU
		{12A201DF-1210-4EEC-93C2-5D38D01FF097}.Debug|x64.ActiveCfg = Debug|Any CPU
		{12A201DF-1210-4EEC-93C2-5D38D01FF097}.Debug|x64.Build.0 = Debug|Any CPU
		{12A201DF-1210-4EEC-93C2-5D38D01FF097}.LEARN|Any CPU.ActiveCfg = Debug|Any CPU
		{12A201DF-1210-4EEC-93C2-5D38D01FF097}.LEARN|Any CPU.Build.0 = Debug|Any CPU
		{12A201DF-1210-4EEC-93C2-5D38D01FF097}.LEARN|Mixed Platforms.ActiveCfg = Debug|Any CPU
		{12A201DF-1210-4EEC-93C2-5D38D01FF097}.LEARN|Mixed Platforms.Build.0 = Debug|Any CPU
		{12A201DF-1210-4EEC-93C2-5D38D01FF097}.LEARN|x64.ActiveCfg = Debug|Any CPU
		{12A201DF-1210-4EEC-93C2-5D38D01FF097}.LEARN|x64.Build.0 = Debug|Any CPU
		{12A201DF-1210-4EEC-93C2-5D38D01FF097}.Release|Any CPU.ActiveCfg = Release|Any CPU
		{12A201DF-1210-4EEC-93C2-5D38D01FF097}.Release|Any CPU.Build.0 = Release|Any CPU
		{12A201DF-1210-4EEC-93C2-5D38D01FF097}.Release|Mixed Platforms.ActiveCfg = Release|Any CPU
		{12A201DF-1210-4EEC-93C2-5D38D01FF097}.Release|Mixed Platforms.Build.0 = Release|Any CPU
		{12A201DF-1210-4EEC-93C2-5D38D01FF097}.Release|x64.ActiveCfg = Release|Any CPU
		{12A201DF-1210-4EEC-93C2-5D38D01FF097}.Release|x64.Build.0 = Release|Any CPU
	EndGlobalSection
	GlobalSection(SolutionProperties) = preSolution
		HideSolutionNode = FALSE
	EndGlobalSection
	GlobalSection(ExtensibilityGlobals) = postSolution
		SolutionGuid = {1A272819-20C3-4307-8D73-56A846AED512}
	EndGlobalSection
EndGlobal
