
Microsoft Visual Studio Solution File, Format Version 12.00
# Visual Studio Express 2012 for Windows Desktop
Project("{FAE04EC0-301F-11D3-BF4B-00C04F79EFBC}") = "P000_Environment", "P000_Environment\P000_Environment.csproj", "{147B11E0-827B-4D3F-844C-ADF2BEAFA53F}"
EndProject
Project("{FAE04EC0-301F-11D3-BF4B-00C04F79EFBC}") = "P760_SigmoidTest", "P760_SigmoidTest\P760_SigmoidTest.csproj", "{77E59B81-8B78-45D3-98E4-1BF2269B08A7}"
EndProject
Project("{FAE04EC0-301F-11D3-BF4B-00C04F79EFBC}") = "P910_SpeedKeisok", "P910_SpeedKeisok\P910_SpeedKeisok.csproj", "{9508AF0C-DE28-4762-A2CC-7674F60B68C7}"
EndProject
Project("{FAE04EC0-301F-11D3-BF4B-00C04F79EFBC}") = "P150_LogKyokuPng", "P150_LogKyokuPng\P150_LogKyokuPng.csproj", "{6F26BAE0-8E17-4FDA-A242-D1D7C4DB2507}"
EndProject
Project("{FAE04EC0-301F-11D3-BF4B-00C04F79EFBC}") = "P920_UtifuduTest", "P920_UtifuduTest\P920_UtifuduTest.csproj", "{0E4A4B25-BF5A-47B5-8AAD-6DA1993673ED}"
EndProject
Project("{FAE04EC0-301F-11D3-BF4B-00C04F79EFBC}") = "P160_KifuCsa____", "P160_KifuCsa____\P160_KifuCsa____.csproj", "{ABED6201-9999-44CD-A91B-4CA01CC89006}"
EndProject
Project("{FAE04EC0-301F-11D3-BF4B-00C04F79EFBC}") = "P200_KnowNingen_", "P200_KnowNingen_\P200_KnowNingen_.csproj", "{2CFB37AE-2D9E-4478-ABD8-1EAAAF98F223}"
EndProject
Project("{FAE04EC0-301F-11D3-BF4B-00C04F79EFBC}") = "P460_Server_____", "P460_Server_____\P460_Server_____.csproj", "{70AEF273-46C9-4E60-AC97-8AEADA3ED5F7}"
EndProject
Project("{FAE04EC0-301F-11D3-BF4B-00C04F79EFBC}") = "P480_ServerAims_", "P480_ServerAims_\P480_ServerAims_.csproj", "{DBEA8B61-6F05-49A0-9CCB-6FCF2976BD17}"
EndProject
Project("{FAE04EC0-301F-11D3-BF4B-00C04F79EFBC}") = "P500_ShogiEngine", "P500_ShogiEngine\P500_ShogiEngine.csproj", "{E96A7341-B8E6-4979-8B2A-94FF2818962C}"
EndProject
Project("{FAE04EC0-301F-11D3-BF4B-00C04F79EFBC}") = "P690_GuiCsharp__", "P690_GuiCsharp__\P690_GuiCsharp__.csproj", "{9593ACC7-348B-4868-892C-7BAFBF925B9D}"
EndProject
Project("{FAE04EC0-301F-11D3-BF4B-00C04F79EFBC}") = "P720_FvWriter___", "P720_FvWriter___\P720_FvWriter___.csproj", "{7CDE26A7-4404-41D0-A1A3-32132B23FBDB}"
EndProject
Project("{FAE04EC0-301F-11D3-BF4B-00C04F79EFBC}") = "P740_FvLearn____", "P740_FvLearn____\P740_FvLearn____.csproj", "{974BA7C3-37B5-4575-9349-9E44CFECF2D6}"
EndProject
Project("{FAE04EC0-301F-11D3-BF4B-00C04F79EFBC}") = "P770_LuaTest____", "P770_LuaTest____\P770_LuaTest____.csproj", "{B2DE7E01-2844-483A-B18F-4A6250FFEDF2}"
EndProject
Project("{FAE04EC0-301F-11D3-BF4B-00C04F79EFBC}") = "P780_SgSyugoTest", "P780_SgSyugoTest\P780_SgSyugoTest.csproj", "{52C00B8B-9FDD-4F0F-9570-6641EF65086E}"
EndProject
Project("{FAE04EC0-301F-11D3-BF4B-00C04F79EFBC}") = "P800_GuiCsharpVs", "P800_GuiCsharpVs\P800_GuiCsharpVs.csproj", "{F021F9E5-8184-4B45-83AC-117CEF77F77A}"
EndProject
Project("{FAE04EC0-301F-11D3-BF4B-00C04F79EFBC}") = "P140_KifuSfen___", "P140_KifuSfen___\P140_KifuSfen___.csproj", "{B0982362-AB7F-45A6-AF5F-C9FDFA49F9DD}"
EndProject
Project("{FAE04EC0-301F-11D3-BF4B-00C04F79EFBC}") = "P440_KifuTreeLog", "P440_KifuTreeLog\P440_KifuTreeLog.csproj", "{DA78A967-E248-4FC3-A89C-11EBB03030B7}"
EndProject
Global
	GlobalSection(SolutionConfigurationPlatforms) = preSolution
		Debug|Any CPU = Debug|Any CPU
		Debug|Mixed Platforms = Debug|Mixed Platforms
		Debug|x64 = Debug|x64
		LEARN|Any CPU = LEARN|Any CPU
		LEARN|Mixed Platforms = LEARN|Mixed Platforms
		LEARN|x64 = LEARN|x64
		Release|Any CPU = Release|Any CPU
		Release|Mixed Platforms = Release|Mixed Platforms
		Release|x64 = Release|x64
	EndGlobalSection
	GlobalSection(ProjectConfigurationPlatforms) = postSolution
		{147B11E0-827B-4D3F-844C-ADF2BEAFA53F}.Debug|Any CPU.ActiveCfg = Debug|Any CPU
		{147B11E0-827B-4D3F-844C-ADF2BEAFA53F}.Debug|Any CPU.Build.0 = Debug|Any CPU
		{147B11E0-827B-4D3F-844C-ADF2BEAFA53F}.Debug|Mixed Platforms.ActiveCfg = Debug|Any CPU
		{147B11E0-827B-4D3F-844C-ADF2BEAFA53F}.Debug|Mixed Platforms.Build.0 = Debug|Any CPU
		{147B11E0-827B-4D3F-844C-ADF2BEAFA53F}.Debug|x64.ActiveCfg = Debug|Any CPU
		{147B11E0-827B-4D3F-844C-ADF2BEAFA53F}.LEARN|Any CPU.ActiveCfg = LEARN|Any CPU
		{147B11E0-827B-4D3F-844C-ADF2BEAFA53F}.LEARN|Any CPU.Build.0 = LEARN|Any CPU
		{147B11E0-827B-4D3F-844C-ADF2BEAFA53F}.LEARN|Mixed Platforms.ActiveCfg = LEARN|Any CPU
		{147B11E0-827B-4D3F-844C-ADF2BEAFA53F}.LEARN|Mixed Platforms.Build.0 = LEARN|Any CPU
		{147B11E0-827B-4D3F-844C-ADF2BEAFA53F}.LEARN|x64.ActiveCfg = LEARN|Any CPU
		{147B11E0-827B-4D3F-844C-ADF2BEAFA53F}.Release|Any CPU.ActiveCfg = Release|Any CPU
		{147B11E0-827B-4D3F-844C-ADF2BEAFA53F}.Release|Any CPU.Build.0 = Release|Any CPU
		{147B11E0-827B-4D3F-844C-ADF2BEAFA53F}.Release|Mixed Platforms.ActiveCfg = Release|Any CPU
		{147B11E0-827B-4D3F-844C-ADF2BEAFA53F}.Release|Mixed Platforms.Build.0 = Release|Any CPU
		{147B11E0-827B-4D3F-844C-ADF2BEAFA53F}.Release|x64.ActiveCfg = Release|Any CPU
		{77E59B81-8B78-45D3-98E4-1BF2269B08A7}.Debug|Any CPU.ActiveCfg = Debug|Any CPU
		{77E59B81-8B78-45D3-98E4-1BF2269B08A7}.Debug|Any CPU.Build.0 = Debug|Any CPU
		{77E59B81-8B78-45D3-98E4-1BF2269B08A7}.Debug|Mixed Platforms.ActiveCfg = Debug|Any CPU
		{77E59B81-8B78-45D3-98E4-1BF2269B08A7}.Debug|Mixed Platforms.Build.0 = Debug|Any CPU
		{77E59B81-8B78-45D3-98E4-1BF2269B08A7}.Debug|x64.ActiveCfg = Debug|Any CPU
		{77E59B81-8B78-45D3-98E4-1BF2269B08A7}.LEARN|Any CPU.ActiveCfg = LEARN|Any CPU
		{77E59B81-8B78-45D3-98E4-1BF2269B08A7}.LEARN|Any CPU.Build.0 = LEARN|Any CPU
		{77E59B81-8B78-45D3-98E4-1BF2269B08A7}.LEARN|Mixed Platforms.ActiveCfg = LEARN|Any CPU
		{77E59B81-8B78-45D3-98E4-1BF2269B08A7}.LEARN|Mixed Platforms.Build.0 = LEARN|Any CPU
		{77E59B81-8B78-45D3-98E4-1BF2269B08A7}.LEARN|x64.ActiveCfg = LEARN|Any CPU
		{77E59B81-8B78-45D3-98E4-1BF2269B08A7}.Release|Any CPU.ActiveCfg = Release|Any CPU
		{77E59B81-8B78-45D3-98E4-1BF2269B08A7}.Release|Any CPU.Build.0 = Release|Any CPU
		{77E59B81-8B78-45D3-98E4-1BF2269B08A7}.Release|Mixed Platforms.ActiveCfg = Release|Any CPU
		{77E59B81-8B78-45D3-98E4-1BF2269B08A7}.Release|Mixed Platforms.Build.0 = Release|Any CPU
		{77E59B81-8B78-45D3-98E4-1BF2269B08A7}.Release|x64.ActiveCfg = Release|Any CPU
		{9508AF0C-DE28-4762-A2CC-7674F60B68C7}.Debug|Any CPU.ActiveCfg = Debug|Any CPU
		{9508AF0C-DE28-4762-A2CC-7674F60B68C7}.Debug|Any CPU.Build.0 = Debug|Any CPU
		{9508AF0C-DE28-4762-A2CC-7674F60B68C7}.Debug|Mixed Platforms.ActiveCfg = Debug|Any CPU
		{9508AF0C-DE28-4762-A2CC-7674F60B68C7}.Debug|Mixed Platforms.Build.0 = Debug|Any CPU
		{9508AF0C-DE28-4762-A2CC-7674F60B68C7}.Debug|x64.ActiveCfg = Debug|Any CPU
		{9508AF0C-DE28-4762-A2CC-7674F60B68C7}.LEARN|Any CPU.ActiveCfg = LEARN|Any CPU
		{9508AF0C-DE28-4762-A2CC-7674F60B68C7}.LEARN|Any CPU.Build.0 = LEARN|Any CPU
		{9508AF0C-DE28-4762-A2CC-7674F60B68C7}.LEARN|Mixed Platforms.ActiveCfg = LEARN|Any CPU
		{9508AF0C-DE28-4762-A2CC-7674F60B68C7}.LEARN|Mixed Platforms.Build.0 = LEARN|Any CPU
		{9508AF0C-DE28-4762-A2CC-7674F60B68C7}.LEARN|x64.ActiveCfg = LEARN|Any CPU
		{9508AF0C-DE28-4762-A2CC-7674F60B68C7}.Release|Any CPU.ActiveCfg = Release|Any CPU
		{9508AF0C-DE28-4762-A2CC-7674F60B68C7}.Release|Any CPU.Build.0 = Release|Any CPU
		{9508AF0C-DE28-4762-A2CC-7674F60B68C7}.Release|Mixed Platforms.ActiveCfg = Release|Any CPU
		{9508AF0C-DE28-4762-A2CC-7674F60B68C7}.Release|Mixed Platforms.Build.0 = Release|Any CPU
		{9508AF0C-DE28-4762-A2CC-7674F60B68C7}.Release|x64.ActiveCfg = Release|Any CPU
		{6F26BAE0-8E17-4FDA-A242-D1D7C4DB2507}.Debug|Any CPU.ActiveCfg = Debug|Any CPU
		{6F26BAE0-8E17-4FDA-A242-D1D7C4DB2507}.Debug|Any CPU.Build.0 = Debug|Any CPU
		{6F26BAE0-8E17-4FDA-A242-D1D7C4DB2507}.Debug|Mixed Platforms.ActiveCfg = Debug|Any CPU
		{6F26BAE0-8E17-4FDA-A242-D1D7C4DB2507}.Debug|Mixed Platforms.Build.0 = Debug|Any CPU
		{6F26BAE0-8E17-4FDA-A242-D1D7C4DB2507}.Debug|x64.ActiveCfg = Debug|Any CPU
		{6F26BAE0-8E17-4FDA-A242-D1D7C4DB2507}.LEARN|Any CPU.ActiveCfg = LEARN|Any CPU
		{6F26BAE0-8E17-4FDA-A242-D1D7C4DB2507}.LEARN|Any CPU.Build.0 = LEARN|Any CPU
		{6F26BAE0-8E17-4FDA-A242-D1D7C4DB2507}.LEARN|Mixed Platforms.ActiveCfg = LEARN|Any CPU
		{6F26BAE0-8E17-4FDA-A242-D1D7C4DB2507}.LEARN|Mixed Platforms.Build.0 = LEARN|Any CPU
		{6F26BAE0-8E17-4FDA-A242-D1D7C4DB2507}.LEARN|x64.ActiveCfg = LEARN|Any CPU
		{6F26BAE0-8E17-4FDA-A242-D1D7C4DB2507}.Release|Any CPU.ActiveCfg = Release|Any CPU
		{6F26BAE0-8E17-4FDA-A242-D1D7C4DB2507}.Release|Any CPU.Build.0 = Release|Any CPU
		{6F26BAE0-8E17-4FDA-A242-D1D7C4DB2507}.Release|Mixed Platforms.ActiveCfg = Release|Any CPU
		{6F26BAE0-8E17-4FDA-A242-D1D7C4DB2507}.Release|Mixed Platforms.Build.0 = Release|Any CPU
		{6F26BAE0-8E17-4FDA-A242-D1D7C4DB2507}.Release|x64.ActiveCfg = Release|Any CPU
		{0E4A4B25-BF5A-47B5-8AAD-6DA1993673ED}.Debug|Any CPU.ActiveCfg = Debug|Any CPU
		{0E4A4B25-BF5A-47B5-8AAD-6DA1993673ED}.Debug|Any CPU.Build.0 = Debug|Any CPU
		{0E4A4B25-BF5A-47B5-8AAD-6DA1993673ED}.Debug|Mixed Platforms.ActiveCfg = Debug|Any CPU
		{0E4A4B25-BF5A-47B5-8AAD-6DA1993673ED}.Debug|Mixed Platforms.Build.0 = Debug|Any CPU
		{0E4A4B25-BF5A-47B5-8AAD-6DA1993673ED}.Debug|x64.ActiveCfg = Debug|Any CPU
		{0E4A4B25-BF5A-47B5-8AAD-6DA1993673ED}.LEARN|Any CPU.ActiveCfg = LEARN|Any CPU
		{0E4A4B25-BF5A-47B5-8AAD-6DA1993673ED}.LEARN|Any CPU.Build.0 = LEARN|Any CPU
		{0E4A4B25-BF5A-47B5-8AAD-6DA1993673ED}.LEARN|Mixed Platforms.ActiveCfg = LEARN|Any CPU
		{0E4A4B25-BF5A-47B5-8AAD-6DA1993673ED}.LEARN|Mixed Platforms.Build.0 = LEARN|Any CPU
		{0E4A4B25-BF5A-47B5-8AAD-6DA1993673ED}.LEARN|x64.ActiveCfg = LEARN|Any CPU
		{0E4A4B25-BF5A-47B5-8AAD-6DA1993673ED}.Release|Any CPU.ActiveCfg = Release|Any CPU
		{0E4A4B25-BF5A-47B5-8AAD-6DA1993673ED}.Release|Any CPU.Build.0 = Release|Any CPU
		{0E4A4B25-BF5A-47B5-8AAD-6DA1993673ED}.Release|Mixed Platforms.ActiveCfg = Release|Any CPU
		{0E4A4B25-BF5A-47B5-8AAD-6DA1993673ED}.Release|Mixed Platforms.Build.0 = Release|Any CPU
		{0E4A4B25-BF5A-47B5-8AAD-6DA1993673ED}.Release|x64.ActiveCfg = Release|Any CPU
		{ABED6201-9999-44CD-A91B-4CA01CC89006}.Debug|Any CPU.ActiveCfg = Debug|Any CPU
		{ABED6201-9999-44CD-A91B-4CA01CC89006}.Debug|Any CPU.Build.0 = Debug|Any CPU
		{ABED6201-9999-44CD-A91B-4CA01CC89006}.Debug|Mixed Platforms.ActiveCfg = Debug|Any CPU
		{ABED6201-9999-44CD-A91B-4CA01CC89006}.Debug|Mixed Platforms.Build.0 = Debug|Any CPU
		{ABED6201-9999-44CD-A91B-4CA01CC89006}.Debug|x64.ActiveCfg = Debug|Any CPU
		{ABED6201-9999-44CD-A91B-4CA01CC89006}.LEARN|Any CPU.ActiveCfg = LEARN|Any CPU
		{ABED6201-9999-44CD-A91B-4CA01CC89006}.LEARN|Any CPU.Build.0 = LEARN|Any CPU
		{ABED6201-9999-44CD-A91B-4CA01CC89006}.LEARN|Mixed Platforms.ActiveCfg = LEARN|Any CPU
		{ABED6201-9999-44CD-A91B-4CA01CC89006}.LEARN|Mixed Platforms.Build.0 = LEARN|Any CPU
		{ABED6201-9999-44CD-A91B-4CA01CC89006}.LEARN|x64.ActiveCfg = LEARN|Any CPU
		{ABED6201-9999-44CD-A91B-4CA01CC89006}.Release|Any CPU.ActiveCfg = Release|Any CPU
		{ABED6201-9999-44CD-A91B-4CA01CC89006}.Release|Any CPU.Build.0 = Release|Any CPU
		{ABED6201-9999-44CD-A91B-4CA01CC89006}.Release|Mixed Platforms.ActiveCfg = Release|Any CPU
		{ABED6201-9999-44CD-A91B-4CA01CC89006}.Release|Mixed Platforms.Build.0 = Release|Any CPU
		{ABED6201-9999-44CD-A91B-4CA01CC89006}.Release|x64.ActiveCfg = Release|Any CPU
		{2CFB37AE-2D9E-4478-ABD8-1EAAAF98F223}.Debug|Any CPU.ActiveCfg = Debug|Any CPU
		{2CFB37AE-2D9E-4478-ABD8-1EAAAF98F223}.Debug|Any CPU.Build.0 = Debug|Any CPU
		{2CFB37AE-2D9E-4478-ABD8-1EAAAF98F223}.Debug|Mixed Platforms.ActiveCfg = Debug|Any CPU
		{2CFB37AE-2D9E-4478-ABD8-1EAAAF98F223}.Debug|Mixed Platforms.Build.0 = Debug|Any CPU
		{2CFB37AE-2D9E-4478-ABD8-1EAAAF98F223}.Debug|x64.ActiveCfg = Debug|Any CPU
		{2CFB37AE-2D9E-4478-ABD8-1EAAAF98F223}.LEARN|Any CPU.ActiveCfg = LEARN|Any CPU
		{2CFB37AE-2D9E-4478-ABD8-1EAAAF98F223}.LEARN|Any CPU.Build.0 = LEARN|Any CPU
		{2CFB37AE-2D9E-4478-ABD8-1EAAAF98F223}.LEARN|Mixed Platforms.ActiveCfg = LEARN|Any CPU
		{2CFB37AE-2D9E-4478-ABD8-1EAAAF98F223}.LEARN|Mixed Platforms.Build.0 = LEARN|Any CPU
		{2CFB37AE-2D9E-4478-ABD8-1EAAAF98F223}.LEARN|x64.ActiveCfg = LEARN|Any CPU
		{2CFB37AE-2D9E-4478-ABD8-1EAAAF98F223}.Release|Any CPU.ActiveCfg = Release|Any CPU
		{2CFB37AE-2D9E-4478-ABD8-1EAAAF98F223}.Release|Any CPU.Build.0 = Release|Any CPU
		{2CFB37AE-2D9E-4478-ABD8-1EAAAF98F223}.Release|Mixed Platforms.ActiveCfg = Release|Any CPU
		{2CFB37AE-2D9E-4478-ABD8-1EAAAF98F223}.Release|Mixed Platforms.Build.0 = Release|Any CPU
		{2CFB37AE-2D9E-4478-ABD8-1EAAAF98F223}.Release|x64.ActiveCfg = Release|Any CPU
		{70AEF273-46C9-4E60-AC97-8AEADA3ED5F7}.Debug|Any CPU.ActiveCfg = Debug|Any CPU
		{70AEF273-46C9-4E60-AC97-8AEADA3ED5F7}.Debug|Any CPU.Build.0 = Debug|Any CPU
		{70AEF273-46C9-4E60-AC97-8AEADA3ED5F7}.Debug|Mixed Platforms.ActiveCfg = Debug|Any CPU
		{70AEF273-46C9-4E60-AC97-8AEADA3ED5F7}.Debug|Mixed Platforms.Build.0 = Debug|Any CPU
		{70AEF273-46C9-4E60-AC97-8AEADA3ED5F7}.Debug|x64.ActiveCfg = Debug|Any CPU
		{70AEF273-46C9-4E60-AC97-8AEADA3ED5F7}.LEARN|Any CPU.ActiveCfg = LEARN|Any CPU
		{70AEF273-46C9-4E60-AC97-8AEADA3ED5F7}.LEARN|Any CPU.Build.0 = LEARN|Any CPU
		{70AEF273-46C9-4E60-AC97-8AEADA3ED5F7}.LEARN|Mixed Platforms.ActiveCfg = LEARN|Any CPU
		{70AEF273-46C9-4E60-AC97-8AEADA3ED5F7}.LEARN|Mixed Platforms.Build.0 = LEARN|Any CPU
		{70AEF273-46C9-4E60-AC97-8AEADA3ED5F7}.LEARN|x64.ActiveCfg = LEARN|Any CPU
		{70AEF273-46C9-4E60-AC97-8AEADA3ED5F7}.Release|Any CPU.ActiveCfg = Release|Any CPU
		{70AEF273-46C9-4E60-AC97-8AEADA3ED5F7}.Release|Any CPU.Build.0 = Release|Any CPU
		{70AEF273-46C9-4E60-AC97-8AEADA3ED5F7}.Release|Mixed Platforms.ActiveCfg = Release|Any CPU
		{70AEF273-46C9-4E60-AC97-8AEADA3ED5F7}.Release|Mixed Platforms.Build.0 = Release|Any CPU
		{70AEF273-46C9-4E60-AC97-8AEADA3ED5F7}.Release|x64.ActiveCfg = Release|Any CPU
		{DBEA8B61-6F05-49A0-9CCB-6FCF2976BD17}.Debug|Any CPU.ActiveCfg = Debug|Any CPU
		{DBEA8B61-6F05-49A0-9CCB-6FCF2976BD17}.Debug|Any CPU.Build.0 = Debug|Any CPU
		{DBEA8B61-6F05-49A0-9CCB-6FCF2976BD17}.Debug|Mixed Platforms.ActiveCfg = Debug|Any CPU
		{DBEA8B61-6F05-49A0-9CCB-6FCF2976BD17}.Debug|Mixed Platforms.Build.0 = Debug|Any CPU
		{DBEA8B61-6F05-49A0-9CCB-6FCF2976BD17}.Debug|x64.ActiveCfg = Debug|Any CPU
		{DBEA8B61-6F05-49A0-9CCB-6FCF2976BD17}.LEARN|Any CPU.ActiveCfg = LEARN|Any CPU
		{DBEA8B61-6F05-49A0-9CCB-6FCF2976BD17}.LEARN|Any CPU.Build.0 = LEARN|Any CPU
		{DBEA8B61-6F05-49A0-9CCB-6FCF2976BD17}.LEARN|Mixed Platforms.ActiveCfg = LEARN|Any CPU
		{DBEA8B61-6F05-49A0-9CCB-6FCF2976BD17}.LEARN|Mixed Platforms.Build.0 = LEARN|Any CPU
		{DBEA8B61-6F05-49A0-9CCB-6FCF2976BD17}.LEARN|x64.ActiveCfg = LEARN|Any CPU
		{DBEA8B61-6F05-49A0-9CCB-6FCF2976BD17}.Release|Any CPU.ActiveCfg = Release|Any CPU
		{DBEA8B61-6F05-49A0-9CCB-6FCF2976BD17}.Release|Any CPU.Build.0 = Release|Any CPU
		{DBEA8B61-6F05-49A0-9CCB-6FCF2976BD17}.Release|Mixed Platforms.ActiveCfg = Release|Any CPU
		{DBEA8B61-6F05-49A0-9CCB-6FCF2976BD17}.Release|Mixed Platforms.Build.0 = Release|Any CPU
		{DBEA8B61-6F05-49A0-9CCB-6FCF2976BD17}.Release|x64.ActiveCfg = Release|Any CPU
		{E96A7341-B8E6-4979-8B2A-94FF2818962C}.Debug|Any CPU.ActiveCfg = Debug|Any CPU
		{E96A7341-B8E6-4979-8B2A-94FF2818962C}.Debug|Any CPU.Build.0 = Debug|Any CPU
		{E96A7341-B8E6-4979-8B2A-94FF2818962C}.Debug|Mixed Platforms.ActiveCfg = Debug|Any CPU
		{E96A7341-B8E6-4979-8B2A-94FF2818962C}.Debug|Mixed Platforms.Build.0 = Debug|Any CPU
		{E96A7341-B8E6-4979-8B2A-94FF2818962C}.Debug|x64.ActiveCfg = Debug|Any CPU
		{E96A7341-B8E6-4979-8B2A-94FF2818962C}.LEARN|Any CPU.ActiveCfg = LEARN|Any CPU
		{E96A7341-B8E6-4979-8B2A-94FF2818962C}.LEARN|Any CPU.Build.0 = LEARN|Any CPU
		{E96A7341-B8E6-4979-8B2A-94FF2818962C}.LEARN|Mixed Platforms.ActiveCfg = LEARN|Any CPU
		{E96A7341-B8E6-4979-8B2A-94FF2818962C}.LEARN|Mixed Platforms.Build.0 = LEARN|Any CPU
		{E96A7341-B8E6-4979-8B2A-94FF2818962C}.LEARN|x64.ActiveCfg = LEARN|Any CPU
		{E96A7341-B8E6-4979-8B2A-94FF2818962C}.Release|Any CPU.ActiveCfg = Release|Any CPU
		{E96A7341-B8E6-4979-8B2A-94FF2818962C}.Release|Any CPU.Build.0 = Release|Any CPU
		{E96A7341-B8E6-4979-8B2A-94FF2818962C}.Release|Mixed Platforms.ActiveCfg = Release|Any CPU
		{E96A7341-B8E6-4979-8B2A-94FF2818962C}.Release|Mixed Platforms.Build.0 = Release|Any CPU
		{E96A7341-B8E6-4979-8B2A-94FF2818962C}.Release|x64.ActiveCfg = Release|Any CPU
		{9593ACC7-348B-4868-892C-7BAFBF925B9D}.Debug|Any CPU.ActiveCfg = Debug|Any CPU
		{9593ACC7-348B-4868-892C-7BAFBF925B9D}.Debug|Any CPU.Build.0 = Debug|Any CPU
		{9593ACC7-348B-4868-892C-7BAFBF925B9D}.Debug|Mixed Platforms.ActiveCfg = Debug|Any CPU
		{9593ACC7-348B-4868-892C-7BAFBF925B9D}.Debug|Mixed Platforms.Build.0 = Debug|Any CPU
		{9593ACC7-348B-4868-892C-7BAFBF925B9D}.Debug|x64.ActiveCfg = Debug|Any CPU
		{9593ACC7-348B-4868-892C-7BAFBF925B9D}.LEARN|Any CPU.ActiveCfg = LEARN|Any CPU
		{9593ACC7-348B-4868-892C-7BAFBF925B9D}.LEARN|Any CPU.Build.0 = LEARN|Any CPU
		{9593ACC7-348B-4868-892C-7BAFBF925B9D}.LEARN|Mixed Platforms.ActiveCfg = LEARN|Any CPU
		{9593ACC7-348B-4868-892C-7BAFBF925B9D}.LEARN|Mixed Platforms.Build.0 = LEARN|Any CPU
		{9593ACC7-348B-4868-892C-7BAFBF925B9D}.LEARN|x64.ActiveCfg = LEARN|Any CPU
		{9593ACC7-348B-4868-892C-7BAFBF925B9D}.Release|Any CPU.ActiveCfg = Release|Any CPU
		{9593ACC7-348B-4868-892C-7BAFBF925B9D}.Release|Any CPU.Build.0 = Release|Any CPU
		{9593ACC7-348B-4868-892C-7BAFBF925B9D}.Release|Mixed Platforms.ActiveCfg = Release|Any CPU
		{9593ACC7-348B-4868-892C-7BAFBF925B9D}.Release|Mixed Platforms.Build.0 = Release|Any CPU
		{9593ACC7-348B-4868-892C-7BAFBF925B9D}.Release|x64.ActiveCfg = Release|Any CPU
		{7CDE26A7-4404-41D0-A1A3-32132B23FBDB}.Debug|Any CPU.ActiveCfg = Debug|Any CPU
		{7CDE26A7-4404-41D0-A1A3-32132B23FBDB}.Debug|Any CPU.Build.0 = Debug|Any CPU
		{7CDE26A7-4404-41D0-A1A3-32132B23FBDB}.Debug|Mixed Platforms.ActiveCfg = Debug|Any CPU
		{7CDE26A7-4404-41D0-A1A3-32132B23FBDB}.Debug|Mixed Platforms.Build.0 = Debug|Any CPU
		{7CDE26A7-4404-41D0-A1A3-32132B23FBDB}.Debug|x64.ActiveCfg = Debug|Any CPU
		{7CDE26A7-4404-41D0-A1A3-32132B23FBDB}.LEARN|Any CPU.ActiveCfg = LEARN|Any CPU
		{7CDE26A7-4404-41D0-A1A3-32132B23FBDB}.LEARN|Any CPU.Build.0 = LEARN|Any CPU
		{7CDE26A7-4404-41D0-A1A3-32132B23FBDB}.LEARN|Mixed Platforms.ActiveCfg = LEARN|Any CPU
		{7CDE26A7-4404-41D0-A1A3-32132B23FBDB}.LEARN|Mixed Platforms.Build.0 = LEARN|Any CPU
		{7CDE26A7-4404-41D0-A1A3-32132B23FBDB}.LEARN|x64.ActiveCfg = LEARN|Any CPU
		{7CDE26A7-4404-41D0-A1A3-32132B23FBDB}.Release|Any CPU.ActiveCfg = Release|Any CPU
		{7CDE26A7-4404-41D0-A1A3-32132B23FBDB}.Release|Any CPU.Build.0 = Release|Any CPU
		{7CDE26A7-4404-41D0-A1A3-32132B23FBDB}.Release|Mixed Platforms.ActiveCfg = Release|Any CPU
		{7CDE26A7-4404-41D0-A1A3-32132B23FBDB}.Release|Mixed Platforms.Build.0 = Release|Any CPU
		{7CDE26A7-4404-41D0-A1A3-32132B23FBDB}.Release|x64.ActiveCfg = Release|Any CPU
		{974BA7C3-37B5-4575-9349-9E44CFECF2D6}.Debug|Any CPU.ActiveCfg = Debug|Any CPU
		{974BA7C3-37B5-4575-9349-9E44CFECF2D6}.Debug|Any CPU.Build.0 = Debug|Any CPU
		{974BA7C3-37B5-4575-9349-9E44CFECF2D6}.Debug|Mixed Platforms.ActiveCfg = Debug|Any CPU
		{974BA7C3-37B5-4575-9349-9E44CFECF2D6}.Debug|Mixed Platforms.Build.0 = Debug|Any CPU
		{974BA7C3-37B5-4575-9349-9E44CFECF2D6}.Debug|x64.ActiveCfg = Debug|Any CPU
		{974BA7C3-37B5-4575-9349-9E44CFECF2D6}.LEARN|Any CPU.ActiveCfg = LEARN|Any CPU
		{974BA7C3-37B5-4575-9349-9E44CFECF2D6}.LEARN|Any CPU.Build.0 = LEARN|Any CPU
		{974BA7C3-37B5-4575-9349-9E44CFECF2D6}.LEARN|Mixed Platforms.ActiveCfg = LEARN|Any CPU
		{974BA7C3-37B5-4575-9349-9E44CFECF2D6}.LEARN|Mixed Platforms.Build.0 = LEARN|Any CPU
		{974BA7C3-37B5-4575-9349-9E44CFECF2D6}.LEARN|x64.ActiveCfg = LEARN|Any CPU
		{974BA7C3-37B5-4575-9349-9E44CFECF2D6}.Release|Any CPU.ActiveCfg = Release|Any CPU
		{974BA7C3-37B5-4575-9349-9E44CFECF2D6}.Release|Any CPU.Build.0 = Release|Any CPU
		{974BA7C3-37B5-4575-9349-9E44CFECF2D6}.Release|Mixed Platforms.ActiveCfg = Release|Any CPU
		{974BA7C3-37B5-4575-9349-9E44CFECF2D6}.Release|Mixed Platforms.Build.0 = Release|Any CPU
		{974BA7C3-37B5-4575-9349-9E44CFECF2D6}.Release|x64.ActiveCfg = Release|Any CPU
		{B2DE7E01-2844-483A-B18F-4A6250FFEDF2}.Debug|Any CPU.ActiveCfg = Debug|Any CPU
		{B2DE7E01-2844-483A-B18F-4A6250FFEDF2}.Debug|Any CPU.Build.0 = Debug|Any CPU
		{B2DE7E01-2844-483A-B18F-4A6250FFEDF2}.Debug|Mixed Platforms.ActiveCfg = Debug|Any CPU
		{B2DE7E01-2844-483A-B18F-4A6250FFEDF2}.Debug|Mixed Platforms.Build.0 = Debug|Any CPU
		{B2DE7E01-2844-483A-B18F-4A6250FFEDF2}.Debug|x64.ActiveCfg = Debug|Any CPU
		{B2DE7E01-2844-483A-B18F-4A6250FFEDF2}.LEARN|Any CPU.ActiveCfg = LEARN|Any CPU
		{B2DE7E01-2844-483A-B18F-4A6250FFEDF2}.LEARN|Any CPU.Build.0 = LEARN|Any CPU
		{B2DE7E01-2844-483A-B18F-4A6250FFEDF2}.LEARN|Mixed Platforms.ActiveCfg = LEARN|Any CPU
		{B2DE7E01-2844-483A-B18F-4A6250FFEDF2}.LEARN|Mixed Platforms.Build.0 = LEARN|Any CPU
		{B2DE7E01-2844-483A-B18F-4A6250FFEDF2}.LEARN|x64.ActiveCfg = LEARN|Any CPU
		{B2DE7E01-2844-483A-B18F-4A6250FFEDF2}.Release|Any CPU.ActiveCfg = Release|Any CPU
		{B2DE7E01-2844-483A-B18F-4A6250FFEDF2}.Release|Any CPU.Build.0 = Release|Any CPU
		{B2DE7E01-2844-483A-B18F-4A6250FFEDF2}.Release|Mixed Platforms.ActiveCfg = Release|Any CPU
		{B2DE7E01-2844-483A-B18F-4A6250FFEDF2}.Release|Mixed Platforms.Build.0 = Release|Any CPU
		{B2DE7E01-2844-483A-B18F-4A6250FFEDF2}.Release|x64.ActiveCfg = Release|Any CPU
		{52C00B8B-9FDD-4F0F-9570-6641EF65086E}.Debug|Any CPU.ActiveCfg = Debug|Any CPU
		{52C00B8B-9FDD-4F0F-9570-6641EF65086E}.Debug|Any CPU.Build.0 = Debug|Any CPU
		{52C00B8B-9FDD-4F0F-9570-6641EF65086E}.Debug|Mixed Platforms.ActiveCfg = Debug|Any CPU
		{52C00B8B-9FDD-4F0F-9570-6641EF65086E}.Debug|Mixed Platforms.Build.0 = Debug|Any CPU
		{52C00B8B-9FDD-4F0F-9570-6641EF65086E}.Debug|x64.ActiveCfg = Debug|Any CPU
		{52C00B8B-9FDD-4F0F-9570-6641EF65086E}.LEARN|Any CPU.ActiveCfg = LEARN|Any CPU
		{52C00B8B-9FDD-4F0F-9570-6641EF65086E}.LEARN|Any CPU.Build.0 = LEARN|Any CPU
		{52C00B8B-9FDD-4F0F-9570-6641EF65086E}.LEARN|Mixed Platforms.ActiveCfg = LEARN|Any CPU
		{52C00B8B-9FDD-4F0F-9570-6641EF65086E}.LEARN|Mixed Platforms.Build.0 = LEARN|Any CPU
		{52C00B8B-9FDD-4F0F-9570-6641EF65086E}.LEARN|x64.ActiveCfg = LEARN|Any CPU
		{52C00B8B-9FDD-4F0F-9570-6641EF65086E}.Release|Any CPU.ActiveCfg = Release|Any CPU
		{52C00B8B-9FDD-4F0F-9570-6641EF65086E}.Release|Any CPU.Build.0 = Release|Any CPU
		{52C00B8B-9FDD-4F0F-9570-6641EF65086E}.Release|Mixed Platforms.ActiveCfg = Release|Any CPU
		{52C00B8B-9FDD-4F0F-9570-6641EF65086E}.Release|Mixed Platforms.Build.0 = Release|Any CPU
		{52C00B8B-9FDD-4F0F-9570-6641EF65086E}.Release|x64.ActiveCfg = Release|Any CPU
		{F021F9E5-8184-4B45-83AC-117CEF77F77A}.Debug|Any CPU.ActiveCfg = Debug|Any CPU
		{F021F9E5-8184-4B45-83AC-117CEF77F77A}.Debug|Any CPU.Build.0 = Debug|Any CPU
		{F021F9E5-8184-4B45-83AC-117CEF77F77A}.Debug|Mixed Platforms.ActiveCfg = Debug|Any CPU
		{F021F9E5-8184-4B45-83AC-117CEF77F77A}.Debug|Mixed Platforms.Build.0 = Debug|Any CPU
		{F021F9E5-8184-4B45-83AC-117CEF77F77A}.Debug|x64.ActiveCfg = Debug|Any CPU
		{F021F9E5-8184-4B45-83AC-117CEF77F77A}.LEARN|Any CPU.ActiveCfg = LEARN|Any CPU
		{F021F9E5-8184-4B45-83AC-117CEF77F77A}.LEARN|Any CPU.Build.0 = LEARN|Any CPU
		{F021F9E5-8184-4B45-83AC-117CEF77F77A}.LEARN|Mixed Platforms.ActiveCfg = LEARN|Any CPU
		{F021F9E5-8184-4B45-83AC-117CEF77F77A}.LEARN|Mixed Platforms.Build.0 = LEARN|Any CPU
		{F021F9E5-8184-4B45-83AC-117CEF77F77A}.LEARN|x64.ActiveCfg = LEARN|Any CPU
		{F021F9E5-8184-4B45-83AC-117CEF77F77A}.Release|Any CPU.ActiveCfg = Release|Any CPU
		{F021F9E5-8184-4B45-83AC-117CEF77F77A}.Release|Any CPU.Build.0 = Release|Any CPU
		{F021F9E5-8184-4B45-83AC-117CEF77F77A}.Release|Mixed Platforms.ActiveCfg = Release|Any CPU
		{F021F9E5-8184-4B45-83AC-117CEF77F77A}.Release|Mixed Platforms.Build.0 = Release|Any CPU
		{F021F9E5-8184-4B45-83AC-117CEF77F77A}.Release|x64.ActiveCfg = Release|Any CPU
		{B0982362-AB7F-45A6-AF5F-C9FDFA49F9DD}.Debug|Any CPU.ActiveCfg = Debug|Any CPU
		{B0982362-AB7F-45A6-AF5F-C9FDFA49F9DD}.Debug|Any CPU.Build.0 = Debug|Any CPU
		{B0982362-AB7F-45A6-AF5F-C9FDFA49F9DD}.Debug|Mixed Platforms.ActiveCfg = Debug|Any CPU
		{B0982362-AB7F-45A6-AF5F-C9FDFA49F9DD}.Debug|Mixed Platforms.Build.0 = Debug|Any CPU
		{B0982362-AB7F-45A6-AF5F-C9FDFA49F9DD}.Debug|x64.ActiveCfg = Debug|Any CPU
		{B0982362-AB7F-45A6-AF5F-C9FDFA49F9DD}.LEARN|Any CPU.ActiveCfg = LEARN|Any CPU
		{B0982362-AB7F-45A6-AF5F-C9FDFA49F9DD}.LEARN|Any CPU.Build.0 = LEARN|Any CPU
		{B0982362-AB7F-45A6-AF5F-C9FDFA49F9DD}.LEARN|Mixed Platforms.ActiveCfg = LEARN|Any CPU
		{B0982362-AB7F-45A6-AF5F-C9FDFA49F9DD}.LEARN|Mixed Platforms.Build.0 = LEARN|Any CPU
		{B0982362-AB7F-45A6-AF5F-C9FDFA49F9DD}.LEARN|x64.ActiveCfg = LEARN|Any CPU
		{B0982362-AB7F-45A6-AF5F-C9FDFA49F9DD}.Release|Any CPU.ActiveCfg = Release|Any CPU
		{B0982362-AB7F-45A6-AF5F-C9FDFA49F9DD}.Release|Any CPU.Build.0 = Release|Any CPU
		{B0982362-AB7F-45A6-AF5F-C9FDFA49F9DD}.Release|Mixed Platforms.ActiveCfg = Release|Any CPU
		{B0982362-AB7F-45A6-AF5F-C9FDFA49F9DD}.Release|Mixed Platforms.Build.0 = Release|Any CPU
		{B0982362-AB7F-45A6-AF5F-C9FDFA49F9DD}.Release|x64.ActiveCfg = Release|Any CPU
		{DA78A967-E248-4FC3-A89C-11EBB03030B7}.Debug|Any CPU.ActiveCfg = Debug|Any CPU
		{DA78A967-E248-4FC3-A89C-11EBB03030B7}.Debug|Any CPU.Build.0 = Debug|Any CPU
		{DA78A967-E248-4FC3-A89C-11EBB03030B7}.Debug|Mixed Platforms.ActiveCfg = Debug|Any CPU
		{DA78A967-E248-4FC3-A89C-11EBB03030B7}.Debug|Mixed Platforms.Build.0 = Debug|Any CPU
		{DA78A967-E248-4FC3-A89C-11EBB03030B7}.Debug|x64.ActiveCfg = Debug|Any CPU
		{DA78A967-E248-4FC3-A89C-11EBB03030B7}.LEARN|Any CPU.ActiveCfg = LEARN|Any CPU
		{DA78A967-E248-4FC3-A89C-11EBB03030B7}.LEARN|Any CPU.Build.0 = LEARN|Any CPU
		{DA78A967-E248-4FC3-A89C-11EBB03030B7}.LEARN|Mixed Platforms.ActiveCfg = LEARN|Any CPU
		{DA78A967-E248-4FC3-A89C-11EBB03030B7}.LEARN|Mixed Platforms.Build.0 = LEARN|Any CPU
		{DA78A967-E248-4FC3-A89C-11EBB03030B7}.LEARN|x64.ActiveCfg = LEARN|Any CPU
		{DA78A967-E248-4FC3-A89C-11EBB03030B7}.Release|Any CPU.ActiveCfg = Release|Any CPU
		{DA78A967-E248-4FC3-A89C-11EBB03030B7}.Release|Any CPU.Build.0 = Release|Any CPU
		{DA78A967-E248-4FC3-A89C-11EBB03030B7}.Release|Mixed Platforms.ActiveCfg = Release|Any CPU
		{DA78A967-E248-4FC3-A89C-11EBB03030B7}.Release|Mixed Platforms.Build.0 = Release|Any CPU
		{DA78A967-E248-4FC3-A89C-11EBB03030B7}.Release|x64.ActiveCfg = Release|Any CPU
	EndGlobalSection
	GlobalSection(SolutionProperties) = preSolution
		HideSolutionNode = FALSE
	EndGlobalSection
EndGlobal
